# THIS IS AN AUTOGENERATED FILE. DO NOT EDIT THIS FILE DIRECTLY.
# yarn lockfile v1


jquery@3.4.0:
  version "3.4.0"
  resolved "https://registry.yarnpkg.com/jquery/-/jquery-3.4.0.tgz#8de513fa0fa4b2c7d2e48a530e26f0596936efdf"
  integrity sha512-ggRCXln9zEqv6OqAGXFEcshF5dSBvCkzj6Gm2gzuR5fWawaX8t7cxKVkkygKODrDAzKdoYw3l/e3pm3vlT4IbQ==

js-cookie@2.2.0:
  version "2.2.0"
  resolved "https://registry.yarnpkg.com/js-cookie/-/js-cookie-2.2.0.tgz#1b2c279a6eece380a12168b92485265b35b1effb"
  integrity sha1-Gywnmm7s44ChIWi5JIUmWzWx7/s=

shepherd.js@^6.0.2:
  version "6.0.2"
  resolved "https://registry.yarnpkg.com/shepherd.js/-/shepherd.js-6.0.2.tgz#ded562607cf73c88f112e9a6dabc0481a7615035"
  integrity sha512-QMkOjr08fmE8GVpi05bbmEN2NqCrDEnA4NGOI4Qk2WlV/QsAl347aoTMx7BEfMIrJeZSbLYaY2ZESvI+MRmlbQ==
  dependencies:
    smoothscroll-polyfill "^0.4.4"
    tether "^2.0.0-beta.4"

smoothscroll-polyfill@^0.4.4:
  version "0.4.4"
  resolved "https://registry.yarnpkg.com/smoothscroll-polyfill/-/smoothscroll-polyfill-0.4.4.tgz#3a259131dc6930e6ca80003e1cb03b603b69abf8"
  integrity sha512-TK5ZA9U5RqCwMpfoMq/l1mrH0JAR7y7KRvOBx0n2869aLxch+gT9GhN3yUfjiw+d/DiF1mKo14+hd62JyMmoBg==

tether@^2.0.0-beta.4:
  version "2.0.0-beta.5"
  resolved "https://registry.yarnpkg.com/tether/-/tether-2.0.0-beta.5.tgz#702d1ea038e405cf6aed0621d2f4fe01e26ae51d"
  integrity sha512-cgNWJn+jznlK2SYeRSpozCj0LSPSgCccBg9bO5+PA/XysrszjDAXF66XnPxHxzb+MdX7P89tJze/j2zjkBGODg==
